{
  "lockfileVersion": 1,
  "configVersion": 1,
  "workspaces": {
    "": {
      "name": "mesofact-workspace",
    },
    "examples/yah-dev": {
      "name": "@mesofact-examples/yah-dev",
      "version": "0.0.0",
      "dependencies": {
        "@mesofact/runtime": "workspace:*",
      },
      "devDependencies": {
        "typescript": "^5.8.3",
      },
    },
    "packages/mesofact-build": {
      "name": "@mesofact/build",
      "version": "0.1.0",
      "bin": {
        "mesofact-build": "./src/cli.ts",
      },
      "dependencies": {
        "@mesofact/runtime": "workspace:*",
      },
      "devDependencies": {
        "@types/bun": "^1.1.0",
        "@types/node": "^22.0.0",
        "typescript": "^5.8.3",
      },
    },
    "packages/mesofact-edge": {
      "name": "@mesofact/edge",
      "version": "0.1.0",
      "devDependencies": {
        "@cloudflare/workers-types": "^4.20240529.0",
        "@types/bun": "^1.1.0",
        "miniflare": "^3.20240610.1",
        "typescript": "^5.8.3",
      },
    },
    "packages/mesofact-runtime": {
      "name": "@mesofact/runtime",
      "version": "0.1.0",
      "dependencies": {
        "aws4fetch": "^1.0.20",
        "smol-toml": "^1.6.1",
      },
      "devDependencies": {
        "@types/node": "^22.0.0",
        "typescript": "^5.8.3",
      },
    },
    "packages/mesofact-worker": {
      "name": "@mesofact/worker",
      "version": "0.1.0",
      "bin": {
        "mesofact-worker": "./src/worker.ts",
      },
      "dependencies": {
        "@mesofact/runtime": "workspace:*",
      },
      "devDependencies": {
        "@types/bun": "^1.1.0",
        "typescript": "^5.8.3",
      },
    },
  },
  "packages": {
    "@cloudflare/workerd-darwin-64": ["@cloudflare/workerd-darwin-64@1.20250718.0", "", { "os": "darwin", "cpu": "x64" }, "sha512-FHf4t7zbVN8yyXgQ/r/GqLPaYZSGUVzeR7RnL28Mwj2djyw2ZergvytVc7fdGcczl6PQh+VKGfZCfUqpJlbi9g=="],

    "@cloudflare/workerd-darwin-arm64": ["@cloudflare/workerd-darwin-arm64@1.20250718.0", "", { "os": "darwin", "cpu": "arm64" }, "sha512-fUiyUJYyqqp4NqJ0YgGtp4WJh/II/YZsUnEb6vVy5Oeas8lUOxnN+ZOJ8N/6/5LQCVAtYCChRiIrBbfhTn5Z8Q=="],

    "@cloudflare/workerd-linux-64": ["@cloudflare/workerd-linux-64@1.20250718.0", "", { "os": "linux", "cpu": "x64" }, "sha512-5+eb3rtJMiEwp08Kryqzzu8d1rUcK+gdE442auo5eniMpT170Dz0QxBrqkg2Z48SFUPYbj+6uknuA5tzdRSUSg=="],

    "@cloudflare/workerd-linux-arm64": ["@cloudflare/workerd-linux-arm64@1.20250718.0", "", { "os": "linux", "cpu": "arm64" }, "sha512-Aa2M/DVBEBQDdATMbn217zCSFKE+ud/teS+fFS+OQqKABLn0azO2qq6ANAHYOIE6Q3Sq4CxDIQr8lGdaJHwUog=="],

    "@cloudflare/workerd-windows-64": ["@cloudflare/workerd-windows-64@1.20250718.0", "", { "os": "win32", "cpu": "x64" }, "sha512-dY16RXKffmugnc67LTbyjdDHZn5NoTF1yHEf2fN4+OaOnoGSp3N1x77QubTDwqZ9zECWxgQfDLjddcH8dWeFhg=="],

    "@cloudflare/workers-types": ["@cloudflare/workers-types@4.20260702.1", "", {}, "sha512-mOhf5TUEB1m2vPrxtqoIGfz0fUC9xyxRDx5gWHy5s+OCo6dcV+g7wI1R7gYCMFohhqF/2y2xeKVwMwCJjfn/WA=="],

    "@cspotcode/source-map-support": ["@cspotcode/source-map-support@0.8.1", "", { "dependencies": { "@jridgewell/trace-mapping": "0.3.9" } }, "sha512-IchNf6dN4tHoMFIn/7OE8LWZ19Y6q/67Bmf6vnGREv8RSbBVb9LPJxEcnwrcwX6ixSvaiGoomAUvu4YSxXrVgw=="],

    "@fastify/busboy": ["@fastify/busboy@2.1.1", "", {}, "sha512-vBZP4NlzfOlerQTnba4aqZoMhE/a9HY7HRqoOPaETQcSQuWEIyZMHGfVu6w9wGtGK5fED5qRs2DteVCjOH60sA=="],

    "@jridgewell/resolve-uri": ["@jridgewell/resolve-uri@3.1.2", "", {}, "sha512-bRISgCIjP20/tbWSPWMEi54QVPRZExkuD9lJL+UIxUKtwVJA8wW1Trb1jMs1RFXo1CBTNZ/5hpC9QvmKWdopKw=="],

    "@jridgewell/sourcemap-codec": ["@jridgewell/sourcemap-codec@1.5.5", "", {}, "sha512-cYQ9310grqxueWbl+WuIUIaiUaDcj7WOq5fVhEljNVgRfOUhY9fy2zTvfoqWsnebh8Sl70VScFbICvJnLKB0Og=="],

    "@jridgewell/trace-mapping": ["@jridgewell/trace-mapping@0.3.9", "", { "dependencies": { "@jridgewell/resolve-uri": "^3.0.3", "@jridgewell/sourcemap-codec": "^1.4.10" } }, "sha512-3Belt6tdc8bPgAtbcmdtNJlirVoTmEb5e2gC94PnkwEW9jI6CAHUeoG85tjWP5WquqfavoMtMwiG4P926ZKKuQ=="],

    "@mesofact-examples/yah-dev": ["@mesofact-examples/yah-dev@workspace:examples/yah-dev"],

    "@mesofact/build": ["@mesofact/build@workspace:packages/mesofact-build"],

    "@mesofact/edge": ["@mesofact/edge@workspace:packages/mesofact-edge"],

    "@mesofact/runtime": ["@mesofact/runtime@workspace:packages/mesofact-runtime"],

    "@mesofact/worker": ["@mesofact/worker@workspace:packages/mesofact-worker"],

    "@types/bun": ["@types/bun@1.3.14", "", { "dependencies": { "bun-types": "1.3.14" } }, "sha512-h1hFqFVcvAvD9j9K7ZW7vd82aSA+rTdznZa+5bwvCwqSB1jmmfLcbIWhOLx1/+boy/xmjgCs/OMUL8hRJSmnPw=="],

    "@types/node": ["@types/node@22.19.19", "", { "dependencies": { "undici-types": "~6.21.0" } }, "sha512-dyh/xO2Fh5bYrfWaaqGrRQQGkNdmYw6AmaAUvYeUMNTWQtvb796ikLdmTchRmOlOiIJ1TDXfWgVx1QkUlQ6Hew=="],

    "acorn": ["acorn@8.14.0", "", { "bin": { "acorn": "bin/acorn" } }, "sha512-cl669nCJTZBsL97OF4kUQm5g5hC2uihk0NxY3WENAC0TYdILVkAyHymAntgxGkl7K+t0cXIrH5siy5S4XkFycA=="],

    "acorn-walk": ["acorn-walk@8.3.2", "", {}, "sha512-cjkyv4OtNCIeqhHrfS81QWXoCBPExR/J62oyEqepVw8WaQeSqpW2uhuLPh1m9eWhDuOo/jUXVTlifvesOWp/4A=="],

    "as-table": ["as-table@1.0.55", "", { "dependencies": { "printable-characters": "^1.0.42" } }, "sha512-xvsWESUJn0JN421Xb9MQw6AsMHRCUknCe0Wjlxvjud80mU4E6hQf1A6NzQKcYNmYw62MfzEtXc+badstZP3JpQ=="],

    "aws4fetch": ["aws4fetch@1.0.20", "", {}, "sha512-/djoAN709iY65ETD6LKCtyyEI04XIBP5xVvfmNxsEP0uJB5tyaGBztSryRr4HqMStr9R06PisQE7m9zDTXKu6g=="],

    "bun-types": ["bun-types@1.3.14", "", { "dependencies": { "@types/node": "*" } }, "sha512-4N0ig0fEomHt5R0KCFWjovxow98rIoRwKolrYdCcknNwMekCXRnWEUvgu5soYV8QXtVsrUD8B95MBOZGPvr6KQ=="],

    "cookie": ["cookie@0.7.2", "", {}, "sha512-yki5XnKuf750l50uGTllt6kKILY4nQ1eNIQatoXEByZ5dWgnKqbnqmTrBE5B4N7lrMJKQ2ytWMiTO2o0v6Ew/w=="],

    "data-uri-to-buffer": ["data-uri-to-buffer@2.0.2", "", {}, "sha512-ND9qDTLc6diwj+Xe5cdAgVTbLVdXbtxTJRXRhli8Mowuaan+0EJOtdqJ0QCHNSSPyoXGx9HX2/VMnKeC34AChA=="],

    "exit-hook": ["exit-hook@2.2.1", "", {}, "sha512-eNTPlAD67BmP31LDINZ3U7HSF8l57TxOY2PmBJ1shpCvpnxBF93mWCE8YHBnXs8qiUZJc9WDcWIeC3a2HIAMfw=="],

    "get-source": ["get-source@2.0.12", "", { "dependencies": { "data-uri-to-buffer": "^2.0.0", "source-map": "^0.6.1" } }, "sha512-X5+4+iD+HoSeEED+uwrQ07BOQr0kEDFMVqqpBuI+RaZBpBpHCuXxo70bjar6f0b0u/DQJsJ7ssurpP0V60Az+w=="],

    "glob-to-regexp": ["glob-to-regexp@0.4.1", "", {}, "sha512-lkX1HJXwyMcprw/5YUZc2s7DrpAiHB21/V+E1rHUrVNokkvB6bqMzT0VfV6/86ZNabt1k14YOIaT7nDvOX3Iiw=="],

    "miniflare": ["miniflare@3.20250718.3", "", { "dependencies": { "@cspotcode/source-map-support": "0.8.1", "acorn": "8.14.0", "acorn-walk": "8.3.2", "exit-hook": "2.2.1", "glob-to-regexp": "0.4.1", "stoppable": "1.1.0", "undici": "^5.28.5", "workerd": "1.20250718.0", "ws": "8.18.0", "youch": "3.3.4", "zod": "3.22.3" }, "bin": { "miniflare": "bootstrap.js" } }, "sha512-JuPrDJhwLrNLEJiNLWO7ZzJrv/Vv9kZuwMYCfv0LskQDM6Eonw4OvywO3CH/wCGjgHzha/qyjUh8JQ068TjDgQ=="],

    "mustache": ["mustache@4.2.0", "", { "bin": { "mustache": "bin/mustache" } }, "sha512-71ippSywq5Yb7/tVYyGbkBggbU8H3u5Rz56fH60jGFgr8uHwxs+aSKeqmluIVzM0m0kB7xQjKS6qPfd0b2ZoqQ=="],

    "printable-characters": ["printable-characters@1.0.42", "", {}, "sha512-dKp+C4iXWK4vVYZmYSd0KBH5F/h1HoZRsbJ82AVKRO3PEo8L4lBS/vLwhVtpwwuYcoIsVY+1JYKR268yn480uQ=="],

    "smol-toml": ["smol-toml@1.6.1", "", {}, "sha512-dWUG8F5sIIARXih1DTaQAX4SsiTXhInKf1buxdY9DIg4ZYPZK5nGM1VRIYmEbDbsHt7USo99xSLFu5Q1IqTmsg=="],

    "source-map": ["source-map@0.6.1", "", {}, "sha512-UjgapumWlbMhkBgzT7Ykc5YXUT46F0iKu8SGXq0bcwP5dz/h0Plj6enJqjz1Zbq2l5WaqYnrVbwWOWMyF3F47g=="],

    "stacktracey": ["stacktracey@2.2.0", "", { "dependencies": { "as-table": "^1.0.36", "get-source": "^2.0.12" } }, "sha512-ETyQEz+CzXiLjEbyJqpbp+/T79RQD/6wqFucRBIlVNZfYq2Ay7wbretD4cxpbymZlaPWx58aIhPEY1Cr8DlVvg=="],

    "stoppable": ["stoppable@1.1.0", "", {}, "sha512-KXDYZ9dszj6bzvnEMRYvxgeTHU74QBFL54XKtP3nyMuJ81CFYtABZ3bAzL2EdFUaEwJOBOgENyFj3R7oTzDyyw=="],

    "typescript": ["typescript@5.9.3", "", { "bin": { "tsc": "bin/tsc", "tsserver": "bin/tsserver" } }, "sha512-jl1vZzPDinLr9eUt3J/t7V6FgNEw9QjvBPdysz9KfQDD41fQrC2Y4vKQdiaUpFT4bXlb1RHhLpp8wtm6M5TgSw=="],

    "undici": ["undici@5.29.0", "", { "dependencies": { "@fastify/busboy": "^2.0.0" } }, "sha512-raqeBD6NQK4SkWhQzeYKd1KmIG6dllBOTt55Rmkt4HtI9mwdWtJljnrXjAFUBLTSN67HWrOIZ3EPF4kjUw80Bg=="],

    "undici-types": ["undici-types@6.21.0", "", {}, "sha512-iwDZqg0QAGrg9Rav5H4n0M64c3mkR59cJ6wQp+7C4nI0gsmExaedaYLNO44eT4AtBBwjbTiGPMlt2Md0T9H9JQ=="],

    "workerd": ["workerd@1.20250718.0", "", { "optionalDependencies": { "@cloudflare/workerd-darwin-64": "1.20250718.0", "@cloudflare/workerd-darwin-arm64": "1.20250718.0", "@cloudflare/workerd-linux-64": "1.20250718.0", "@cloudflare/workerd-linux-arm64": "1.20250718.0", "@cloudflare/workerd-windows-64": "1.20250718.0" }, "bin": { "workerd": "bin/workerd" } }, "sha512-kqkIJP/eOfDlUyBzU7joBg+tl8aB25gEAGqDap+nFWb+WHhnooxjGHgxPBy3ipw2hnShPFNOQt5lFRxbwALirg=="],

    "ws": ["ws@8.18.0", "", { "peerDependencies": { "bufferutil": "^4.0.1", "utf-8-validate": ">=5.0.2" }, "optionalPeers": ["bufferutil", "utf-8-validate"] }, "sha512-8VbfWfHLbbwu3+N6OKsOMpBdT4kXPDDB9cJk2bJ6mh9ucxdlnNvH1e+roYkKmN9Nxw2yjz7VzeO9oOz2zJ04Pw=="],

    "youch": ["youch@3.3.4", "", { "dependencies": { "cookie": "^0.7.1", "mustache": "^4.2.0", "stacktracey": "^2.1.8" } }, "sha512-UeVBXie8cA35DS6+nBkls68xaBBXCye0CNznrhszZjTbRVnJKQuNsyLKBTTL4ln1o1rh2PKtv35twV7irj5SEg=="],

    "zod": ["zod@3.22.3", "", {}, "sha512-EjIevzuJRiRPbVH4mGc8nApb/lVLKVpmUhAaR5R5doKGfAnGJ6Gr3CViAVjP+4FWSxCsybeWQdcgCtbX+7oZug=="],

    "bun-types/@types/node": ["@types/node@25.8.0", "", { "dependencies": { "undici-types": ">=7.24.0 <7.24.7" } }, "sha512-TCFSk8IZh+iLX1xtksoBVtdmgL+1IX0fC9BeU4QqFSuNdN/K+HUlhqOzEmSYYpZUVsLYcPqc9KX+60iDuninSQ=="],

    "bun-types/@types/node/undici-types": ["undici-types@7.24.6", "", {}, "sha512-WRNW+sJgj5OBN4/0JpHFqtqzhpbnV0GuB+OozA9gCL7a993SmU+1JBZCzLNxYsbMfIeDL+lTsphD5jN5N+n0zg=="],
  }
}
